{
  "name": "shopify_algolia_sync_simple",
  "lockfileVersion": 3,
  "requires": true,
  "packages": {
    "": {
      "dependencies": {
        "algoliasearch": "^4.24.0",
        "axios": "^1.7.2",
        "dotenv": "^16.4.5"
      }
    },
    "node_modules/@algolia/cache-browser-local-storage": {
      "version": "4.24.0",
      "resolved": "https://registry.npmjs.org/@algolia/cache-browser-local-storage/-/cache-browser-local-storage-4.24.0.tgz",
      "integrity": "sha512-t63W9BnoXVrGy9iYHBgObNXqYXM3tYXCjDSHeNwnsc324r4o5UiVKUiAB4THQ5z9U5hTj6qUvwg/Ez43ZD85ww==",
      "dependencies": {
        "@algolia/cache-common": "4.24.0"
      }
    },
    "node_modules/@algolia/cache-common": {
      "version": "4.24.0",
      "resolved": "https://registry.npmjs.org/@algolia/cache-common/-/cache-common-4.24.0.tgz",
      "integrity": "sha512-emi+v+DmVLpMGhp0V9q9h5CdkURsNmFC+cOS6uK9ndeJm9J4TiqSvPYVu+THUP8P/S08rxf5x2P+p3CfID0Y4g=="
    },
    "node_modules/@algolia/cache-in-memory": {
      "version": "4.24.0",
      "resolved": "https://registry.npmjs.org/@algolia/cache-in-memory/-/cache-in-memory-4.24.0.tgz",
      "integrity": "sha512-gDrt2so19jW26jY3/MkFg5mEypFIPbPoXsQGQWAi6TrCPsNOSEYepBMPlucqWigsmEy/prp5ug2jy/N3PVG/8w==",
      "dependencies": {
        "@algolia/cache-common": "4.24.0"
      }
    },
    "node_modules/@algolia/client-account": {
      "version": "4.24.0",
      "resolved": "https://registry.npmjs.org/@algolia/client-account/-/client-account-4.24.0.tgz",
      "integrity": "sha512-adcvyJ3KjPZFDybxlqnf+5KgxJtBjwTPTeyG2aOyoJvx0Y8dUQAEOEVOJ/GBxX0WWNbmaSrhDURMhc+QeevDsA==",
      "dependencies": {
        "@algolia/client-common": "4.24.0",
        "@algolia/client-search": "4.24.0",
        "@algolia/transporter": "4.24.0"
      }
    },
    "node_modules/@algolia/client-analytics": {
      "version": "4.24.0",
      "resolved": "https://registry.npmjs.org/@algolia/client-analytics/-/client-analytics-4.24.0.tgz",
      "integrity": "sha512-y8jOZt1OjwWU4N2qr8G4AxXAzaa8DBvyHTWlHzX/7Me1LX8OayfgHexqrsL4vSBcoMmVw2XnVW9MhL+Y2ZDJXg==",
      "dependencies": {
        "@algolia/client-common": "4.24.0",
        "@algolia/client-search": "4.24.0",
        "@algolia/requester-common": "4.24.0",
        "@algolia/transporter": "4.24.0"
      }
    },
    "node_modules/@algolia/client-common": {
      "version": "4.24.0",
      "resolved": "https://registry.npmjs.org/@algolia/client-common/-/client-common-4.24.0.tgz",
      "integrity": "sha512-bc2ROsNL6w6rqpl5jj/UywlIYC21TwSSoFHKl01lYirGMW+9Eek6r02Tocg4gZ8HAw3iBvu6XQiM3BEbmEMoiA==",
      "dependencies": {
        "@algolia/requester-common": "4.24.0",
        "@algolia/transporter": "4.24.0"
      }
    },
    "node_modules/@algolia/client-personalization": {
      "version": "4.24.0",
      "resolved": "https://registry.npmjs.org/@algolia/client-personalization/-/client-personalization-4.24.0.tgz",
      "integrity": "sha512-l5FRFm/yngztweU0HdUzz1rC4yoWCFo3IF+dVIVTfEPg906eZg5BOd1k0K6rZx5JzyyoP4LdmOikfkfGsKVE9w==",
      "dependencies": {
        "@algolia/client-common": "4.24.0",
        "@algolia/requester-common": "4.24.0",
        "@algolia/transporter": "4.24.0"
      }
    },
    "node_modules/@algolia/client-search": {
      "version": "4.24.0",
      "resolved": "https://registry.npmjs.org/@algolia/client-search/-/client-search-4.24.0.tgz",
      "integrity": "sha512-uRW6EpNapmLAD0mW47OXqTP8eiIx5F6qN9/x/7HHO6owL3N1IXqydGwW5nhDFBrV+ldouro2W1VX3XlcUXEFCA==",
      "dependencies": {
        "@algolia/client-common": "4.24.0",
        "@algolia/requester-common": "4.24.0",
        "@algolia/transporter": "4.24.0"
      }
    },
    "node_modules/@algolia/logger-common": {
      "version": "4.24.0",
      "resolved": "https://registry.npmjs.org/@algolia/logger-common/-/logger-common-4.24.0.tgz",
      "integrity": "sha512-LLUNjkahj9KtKYrQhFKCzMx0BY3RnNP4FEtO+sBybCjJ73E8jNdaKJ/Dd8A/VA4imVHP5tADZ8pn5B8Ga/wTMA=="
    },
    "node_modules/@algolia/logger-console": {
      "version": "4.24.0",
      "resolved": "https://registry.npmjs.org/@algolia/logger-console/-/logger-console-4.24.0.tgz",
      "integrity": "sha512-X4C8IoHgHfiUROfoRCV+lzSy+LHMgkoEEU1BbKcsfnV0i0S20zyy0NLww9dwVHUWNfPPxdMU+/wKmLGYf96yTg==",
      "dependencies": {
        "@algolia/logger-common": "4.24.0"
      }
    },
    "node_modules/@algolia/recommend": {
      "version": "4.24.0",
      "resolved": "https://registry.npmjs.org/@algolia/recommend/-/recommend-4.24.0.tgz",
      "integrity": "sha512-P9kcgerfVBpfYHDfVZDvvdJv0lEoCvzNlOy2nykyt5bK8TyieYyiD0lguIJdRZZYGre03WIAFf14pgE+V+IBlw==",
      "dependencies": {
        "@algolia/cache-browser-local-storage": "4.24.0",
        "@algolia/cache-common": "4.24.0",
        "@algolia/cache-in-memory": "4.24.0",
        "@algolia/client-common": "4.24.0",
        "@algolia/client-search": "4.24.0",
        "@algolia/logger-common": "4.24.0",
        "@algolia/logger-console": "4.24.0",
        "@algolia/requester-browser-xhr": "4.24.0",
        "@algolia/requester-common": "4.24.0",
        "@algolia/requester-node-http": "4.24.0",
        "@algolia/transporter": "4.24.0"
      }
    },
    "node_modules/@algolia/requester-browser-xhr": {
      "version": "4.24.0",
      "resolved": "https://registry.npmjs.org/@algolia/requester-browser-xhr/-/requester-browser-xhr-4.24.0.tgz",
      "integrity": "sha512-Z2NxZMb6+nVXSjF13YpjYTdvV3032YTBSGm2vnYvYPA6mMxzM3v5rsCiSspndn9rzIW4Qp1lPHBvuoKJV6jnAA==",
      "dependencies": {
        "@algolia/requester-common": "4.24.0"
      }
    },
    "node_modules/@algolia/requester-common": {
      "version": "4.24.0",
      "resolved": "https://registry.npmjs.org/@algolia/requester-common/-/requester-common-4.24.0.tgz",
      "integrity": "sha512-k3CXJ2OVnvgE3HMwcojpvY6d9kgKMPRxs/kVohrwF5WMr2fnqojnycZkxPoEg+bXm8fi5BBfFmOqgYztRtHsQA=="
    },
    "node_modules/@algolia/requester-node-http": {
      "version": "4.24.0",
      "resolved": "https://registry.npmjs.org/@algolia/requester-node-http/-/requester-node-http-4.24.0.tgz",
      "integrity": "sha512-JF18yTjNOVYvU/L3UosRcvbPMGT9B+/GQWNWnenIImglzNVGpyzChkXLnrSf6uxwVNO6ESGu6oN8MqcGQcjQJw==",
      "dependencies": {
        "@algolia/requester-common": "4.24.0"
      }
    },
    "node_modules/@algolia/transporter": {
      "version": "4.24.0",
      "resolved": "https://registry.npmjs.org/@algolia/transporter/-/transporter-4.24.0.tgz",
      "integrity": "sha512-86nI7w6NzWxd1Zp9q3413dRshDqAzSbsQjhcDhPIatEFiZrL1/TjnHL8S7jVKFePlIMzDsZWXAXwXzcok9c5oA==",
      "dependencies": {
        "@algolia/cache-common": "4.24.0",
        "@algolia/logger-common": "4.24.0",
        "@algolia/requester-common": "4.24.0"
      }
    },
    "node_modules/algoliasearch": {
      "version": "4.24.0",
      "resolved": "https://registry.npmjs.org/algoliasearch/-/algoliasearch-4.24.0.tgz",
      "integrity": "sha512-bf0QV/9jVejssFBmz2HQLxUadxk574t4iwjCKp5E7NBzwKkrDEhKPISIIjAU/p6K5qDx3qoeh4+26zWN1jmw3g==",
      "dependencies": {
        "@algolia/cache-browser-local-storage": "4.24.0",
        "@algolia/cache-common": "4.24.0",
        "@algolia/cache-in-memory": "4.24.0",
        "@algolia/client-account": "4.24.0",
        "@algolia/client-analytics": "4.24.0",
        "@algolia/client-common": "4.24.0",
        "@algolia/client-personalization": "4.24.0",
        "@algolia/client-search": "4.24.0",
        "@algolia/logger-common": "4.24.0",
        "@algolia/logger-console": "4.24.0",
        "@algolia/recommend": "4.24.0",
        "@algolia/requester-browser-xhr": "4.24.0",
        "@algolia/requester-common": "4.24.0",
        "@algolia/requester-node-http": "4.24.0",
        "@algolia/transporter": "4.24.0"
      }
    },
    "node_modules/asynckit": {
      "version": "0.4.0",
      "resolved": "https://registry.npmjs.org/asynckit/-/asynckit-0.4.0.tgz",
      "integrity": "sha512-Oei9OH4tRh0YqU3GxhX79dM/mwVgvbZJaSNaRk+bshkj0S5cfHcgYakreBjrHwatXKbz+IoIdYLxrKim2MjW0Q=="
    },
    "node_modules/axios": {
      "version": "1.7.2",
      "resolved": "https://registry.npmjs.org/axios/-/axios-1.7.2.tgz",
      "integrity": "sha512-2A8QhOMrbomlDuiLeK9XibIBzuHeRcqqNOHp0Cyp5EoJ1IFDh+XZH3A6BkXtv0K4gFGCI0Y4BM7B1wOEi0Rmgw==",
      "dependencies": {
        "follow-redirects": "^1.15.6",
        "form-data": "^4.0.0",
        "proxy-from-env": "^1.1.0"
      }
    },
    "node_modules/combined-stream": {
      "version": "1.0.8",
      "resolved": "https://registry.npmjs.org/combined-stream/-/combined-stream-1.0.8.tgz",
      "integrity": "sha512-FQN4MRfuJeHf7cBbBMJFXhKSDq+2kAArBlmRBvcvFE5BB1HZKXtSFASDhdlz9zOYwxh8lDdnvmMOe/+5cdoEdg==",
      "dependencies": {
        "delayed-stream": "~1.0.0"
      },
      "engines": {
        "node": ">= 0.8"
      }
    },
    "node_modules/delayed-stream": {
      "version": "1.0.0",
      "resolved": "https://registry.npmjs.org/delayed-stream/-/delayed-stream-1.0.0.tgz",
      "integrity": "sha512-ZySD7Nf91aLB0RxL4KGrKHBXl7Eds1DAmEdcoVawXnLD7SDhpNgtuII2aAkg7a7QS41jxPSZ17p4VdGnMHk3MQ==",
      "engines": {
        "node": ">=0.4.0"
      }
    },
    "node_modules/dotenv": {
      "version": "16.4.5",
      "resolved": "https://registry.npmjs.org/dotenv/-/dotenv-16.4.5.tgz",
      "integrity": "sha512-ZmdL2rui+eB2YwhsWzjInR8LldtZHGDoQ1ugH85ppHKwpUHL7j7rN0Ti9NCnGiQbhaZ11FpR+7ao1dNsmduNUg==",
      "engines": {
        "node": ">=12"
      },
      "funding": {
        "url": "https://dotenvx.com"
      }
    },
    "node_modules/follow-redirects": {
      "version": "1.15.6",
      "resolved": "https://registry.npmjs.org/follow-redirects/-/follow-redirects-1.15.6.tgz",
      "integrity": "sha512-wWN62YITEaOpSK584EZXJafH1AGpO8RVgElfkuXbTOrPX4fIfOyEpW/CsiNd8JdYrAoOvafRTOEnvsO++qCqFA==",
      "funding": [
        {
          "type": "individual",
          "url": "https://github.com/sponsors/RubenVerborgh"
        }
      ],
      "engines": {
        "node": ">=4.0"
      },
      "peerDependenciesMeta": {
        "debug": {
          "optional": true
        }
      }
    },
    "node_modules/form-data": {
      "version": "4.0.0",
      "resolved": "https://registry.npmjs.org/form-data/-/form-data-4.0.0.tgz",
      "integrity": "sha512-ETEklSGi5t0QMZuiXoA/Q6vcnxcLQP5vdugSpuAyi6SVGi2clPPp+xgEhuMaHC+zGgn31Kd235W35f7Hykkaww==",
      "dependencies": {
        "asynckit": "^0.4.0",
        "combined-stream": "^1.0.8",
        "mime-types": "^2.1.12"
      },
      "engines": {
        "node": ">= 6"
      }
    },
    "node_modules/mime-db": {
      "version": "1.52.0",
      "resolved": "https://registry.npmjs.org/mime-db/-/mime-db-1.52.0.tgz",
      "integrity": "sha512-sPU4uV7dYlvtWJxwwxHD0PuihVNiE7TyAbQ5SWxDCB9mUYvOgroQOwYQQOKPJ8CIbE+1ETVlOoK1UC2nU3gYvg==",
      "engines": {
        "node": ">= 0.6"
      }
    },
    "node_modules/mime-types": {
      "version": "2.1.35",
      "resolved": "https://registry.npmjs.org/mime-types/-/mime-types-2.1.35.tgz",
      "integrity": "sha512-ZDY+bPm5zTTF+YpCrAU9nK0UgICYPT0QtT1NZWFv4s++TNkcgVaT0g6+4R2uI4MjQjzysHB1zxuWL50hzaeXiw==",
      "dependencies": {
        "mime-db": "1.52.0"
      },
      "engines": {
        "node": ">= 0.6"
      }
    },
    "node_modules/proxy-from-env": {
      "version": "1.1.0",
      "resolved": "https://registry.npmjs.org/proxy-from-env/-/proxy-from-env-1.1.0.tgz",
      "integrity": "sha512-D+zkORCbA9f1tdWRK0RaCR3GPv50cMxcrz4X8k5LTSUD1Dkw47mKJEZQNunItRTkWwgtaUSo1RVFRIG9ZXiFYg=="
    }
  }
}
